
Microsoft Visual Studio Solution File, Format Version 12.00
# Visual Studio Version 16
VisualStudioVersion = 16.0.31321.278
MinimumVisualStudioVersion = 10.0.40219.1
Project("{FAE04EC0-301F-11D3-BF4B-00C04F79EFBC}") = "QRGenerator", "QRGenerator\QRGenerator.csproj", "{B8923483-2E5E-4919-BDF6-2663B120E7D6}"
EndProject
Global
	GlobalSection(SolutionConfigurationPlatforms) = preSolution
		Debug|Any CPU = Debug|Any CPU
		Release|Any CPU = Release|Any CPU
	EndGlobalSection
	GlobalSection(ProjectConfigurationPlatforms) = postSolution
		{B8923483-2E5E-4919-BDF6-2663B120E7D6}.Debug|Any CPU.ActiveCfg = Debug|Any CPU
		{B8923483-2E5E-4919-BDF6-2663B120E7D6}.Debug|Any CPU.Build.0 = Debug|Any CPU
		{B8923483-2E5E-4919-BDF6-2663B120E7D6}.Release|Any CPU.ActiveCfg = Release|Any CPU
		{B8923483-2E5E-4919-BDF6-2663B120E7D6}.Release|Any CPU.Build.0 = Release|Any CPU
	EndGlobalSection
	GlobalSection(SolutionProperties) = preSolution
		HideSolutionNode = FALSE
	EndGlobalSection
	GlobalSection(ExtensibilityGlobals) = postSolution
		SolutionGuid = {B922CEA2-F66F-4ED8-BBB5-C6A18D4BA32F}
	EndGlobalSection
EndGlobal
